# THIS IS AN AUTOGENERATED FILE. DO NOT EDIT THIS FILE DIRECTLY.
# yarn lockfile v1


"@actions/core@^1.5.0":
  version "1.5.0"
  resolved "https://registry.yarnpkg.com/@actions/core/-/core-1.5.0.tgz#885b864700001a1b9a6fba247833a036e75ad9d3"
  integrity sha512-eDOLH1Nq9zh+PJlYLqEMkS/jLQxhksPNmUGNBHfa4G+tQmnIhzpctxmchETtVGyBOvXgOVVpYuE40+eS4cUnwQ==

"@vercel/ncc@^0.28.6":
  version "0.28.6"
  resolved "https://registry.yarnpkg.com/@vercel/ncc/-/ncc-0.28.6.tgz#073c0ce8e0269210c0a9f180fb0bf949eecc20e0"
  integrity sha512-t4BoSSuyK8BZaUE0gV18V6bkFs4st7baumtFGa50dv1tMu2GDBEBF8sUZaKBdKiL6DzJ2D2+XVCwYWWDcQOYdQ==
