# THIS IS AN AUTOGENERATED FILE. DO NOT EDIT THIS FILE DIRECTLY.
# yarn lockfile v1


"@actions/core@^1.4.0":
  version "1.4.0"
  resolved "https://registry.yarnpkg.com/@actions/core/-/core-1.4.0.tgz#cf2e6ee317e314b03886adfeb20e448d50d6e524"
  integrity sha512-CGx2ilGq5i7zSLgiiGUtBCxhRRxibJYU6Fim0Q1Wg2aQL2LTnF27zbqZOrxfvFQ55eSBW0L8uVStgtKMpa0Qlg==

"@vercel/ncc@^0.32.0":
  version "0.32.0"
  resolved "https://registry.yarnpkg.com/@vercel/ncc/-/ncc-0.32.0.tgz#42faafe0f41ea2a8e857785c10a31ef122f2416e"
  integrity sha512-S/SxTHHTbBQSOutpgnqEn+LyTfZcq9xMRAnzY05HpGVjxjmfmvg6SWZZkbW/GJIFznMmHGeGOrI1MEBD7efIkA==
